<?xml version="1.0" encoding="utf-8"?>
<Project ToolsVersion="4.0" xmlns="http://schemas.microsoft.com/developer/msbuild/2003">
  <ItemGroup>
    <ClInclude Include="stdafx.h">
      <Filter>Precompiled headers</Filter>
    </ClInclude>
    <ClInclude Include="ZipTypes.h">
      <Filter>Zip</Filter>
    </ClInclude>
    <ClInclude Include="ZipFileEntry.h">
      <Filter>Zip\Entries</Filter>
    </ClInclude>
    <ClInclude Include="BaseEntry.h">
      <Filter>Zip\Entries</Filter>
    </ClInclude>
    <ClInclude Include="CentralDirectoryEntry.h">
      <Filter>Zip\Entries</Filter>
    </ClInclude>
    <ClInclude Include="ZipArchiveLib.h" />
    <ClInclude Include="ZipArchive.h">
      <Filter>Zip</Filter>
    </ClInclude>
    <ClInclude Include="CentralDirectory.h">
      <Filter>Zip\Entries</Filter>
    </ClInclude>
    <ClInclude Include="IZipData.h">
      <Filter>Zip\Parser</Filter>
    </ClInclude>
    <ClInclude Include="ZipDataBuffer.h">
      <Filter>Zip\Parser</Filter>
    </ClInclude>
    <ClInclude Include="ZipDataParser.h">
      <Filter>Zip\Parser</Filter>
    </ClInclude>
    <ClInclude Include="EndOfCentralDirectory.h">
      <Filter>Zip\Entries</Filter>
    </ClInclude>
    <ClInclude Include="IDataCompression.h">
      <Filter>Zip\Compression</Filter>
    </ClInclude>
    <ClInclude Include="zLibCompression.h">
      <Filter>Zip\Compression</Filter>
    </ClInclude>
    <ClInclude Include="..\Common\Realloc.h">
      <Filter>Common</Filter>
    </ClInclude>
  </ItemGroup>
  <ItemGroup>
    <Filter Include="Precompiled headers">
      <UniqueIdentifier>{a62dabbd-9358-4713-86a7-cdfe87749703}</UniqueIdentifier>
    </Filter>
    <Filter Include="Zip">
      <UniqueIdentifier>{34211177-b15b-401c-b9b7-ccf5d38cc443}</UniqueIdentifier>
    </Filter>
    <Filter Include="Zip\Entries">
      <UniqueIdentifier>{9a839798-2299-4fc4-be1e-03b8b440a072}</UniqueIdentifier>
    </Filter>
    <Filter Include="Zip\Parser">
      <UniqueIdentifier>{67f89c75-c05c-4fce-a00a-60de392312bf}</UniqueIdentifier>
    </Filter>
    <Filter Include="Zip\Compression">
      <UniqueIdentifier>{6245f8e4-f53f-4001-92b6-9b6d26ba6e90}</UniqueIdentifier>
    </Filter>
    <Filter Include="Common">
      <UniqueIdentifier>{5e1a224e-5ce3-4623-9adc-52d8dae8bf9a}</UniqueIdentifier>
    </Filter>
  </ItemGroup>
  <ItemGroup>
    <ClCompile Include="stdafx.cpp">
      <Filter>Precompiled headers</Filter>
    </ClCompile>
    <ClCompile Include="BaseEntry.cpp">
      <Filter>Zip\Entries</Filter>
    </ClCompile>
    <ClCompile Include="CentralDirectoryEntry.cpp">
      <Filter>Zip\Entries</Filter>
    </ClCompile>
    <ClCompile Include="ZipFileEntry.cpp">
      <Filter>Zip\Entries</Filter>
    </ClCompile>
    <ClCompile Include="ZipArchive.cpp">
      <Filter>Zip</Filter>
    </ClCompile>
    <ClCompile Include="IZipData.cpp">
      <Filter>Zip\Parser</Filter>
    </ClCompile>
    <ClCompile Include="ZipDataBuffer.cpp">
      <Filter>Zip\Parser</Filter>
    </ClCompile>
    <ClCompile Include="ZipDataParser.cpp">
      <Filter>Zip\Parser</Filter>
    </ClCompile>
    <ClCompile Include="CentralDirectory.cpp">
      <Filter>Zip\Entries</Filter>
    </ClCompile>
    <ClCompile Include="EndOfCentralDirectory.cpp">
      <Filter>Zip\Entries</Filter>
    </ClCompile>
    <ClCompile Include="zLibCompression.cpp">
      <Filter>Zip\Compression</Filter>
    </ClCompile>
  </ItemGroup>
</Project>