
Microsoft Visual Studio Solution File, Format Version 11.00
# Visual Studio 2010
Project("{8BC9CEB8-8B4A-11D0-8D11-00A0C91BC942}") = "Windowerx14", "Windowerx14\Windowerx14.vcxproj", "{FAF23DC0-1FF5-406F-8906-D250EDE3A48F}"
	ProjectSection(ProjectDependencies) = postProject
		{138A703E-2846-46A4-9A45-74B4E9A636F4} = {138A703E-2846-46A4-9A45-74B4E9A636F4}
		{5CF59F44-EE3D-45BE-A178-A7A30478F07F} = {5CF59F44-EE3D-45BE-A178-A7A30478F07F}
		{21EB506E-8172-47F0-9BCC-E887DDE621AB} = {21EB506E-8172-47F0-9BCC-E887DDE621AB}
		{BA983ED2-2FD5-4D75-BCF5-634EC6845105} = {BA983ED2-2FD5-4D75-BCF5-634EC6845105}
		{29A892EB-FB40-4038-BDDB-193D0BEEF4A1} = {29A892EB-FB40-4038-BDDB-193D0BEEF4A1}
	EndProjectSection
EndProject
Project("{8BC9CEB8-8B4A-11D0-8D11-00A0C91BC942}") = "Launcher", "Launcher\Launcher.vcxproj", "{EC0D5B04-BE25-4D8B-9B31-077DF1855397}"
	ProjectSection(ProjectDependencies) = postProject
		{9211C64D-6E62-43F0-8B8F-D96E87FB1C34} = {9211C64D-6E62-43F0-8B8F-D96E87FB1C34}
		{83E40E52-DBFC-44B9-A665-08E021EA9201} = {83E40E52-DBFC-44B9-A665-08E021EA9201}
		{3A560D56-BA3C-4670-BCBB-8278C3F70980} = {3A560D56-BA3C-4670-BCBB-8278C3F70980}
		{21EB506E-8172-47F0-9BCC-E887DDE621AB} = {21EB506E-8172-47F0-9BCC-E887DDE621AB}
		{BD0C19B3-9D7A-4102-B625-60592078FA98} = {BD0C19B3-9D7A-4102-B625-60592078FA98}
		{FAF23DC0-1FF5-406F-8906-D250EDE3A48F} = {FAF23DC0-1FF5-406F-8906-D250EDE3A48F}
		{04D9BCCD-FC16-4C9E-8C0E-0941B57F9E17} = {04D9BCCD-FC16-4C9E-8C0E-0941B57F9E17}
		{69933EE0-3F0D-47C4-B69E-C38B5772930A} = {69933EE0-3F0D-47C4-B69E-C38B5772930A}
		{69933EE0-3F0D-47D4-B69E-C38B577293FA} = {69933EE0-3F0D-47D4-B69E-C38B577293FA}
	EndProjectSection
EndProject
Project("{8BC9CEB8-8B4A-11D0-8D11-00A0C91BC942}") = "InjectModule", "InjectModule\InjectModule.vcxproj", "{9211C64D-6E62-43F0-8B8F-D96E87FB1C34}"
EndProject
Project("{2150E333-8FDC-42A3-9474-1A3956D46DE8}") = "librairies", "librairies", "{19D307E9-C6D3-4EBD-BB3C-217BDBDC5443}"
EndProject
Project("{2150E333-8FDC-42A3-9474-1A3956D46DE8}") = "windower", "windower", "{CD939F8C-4850-404A-A2B3-3EC94BBF8994}"
EndProject
Project("{2150E333-8FDC-42A3-9474-1A3956D46DE8}") = "bootstrap", "bootstrap", "{59F85400-0CFD-4791-BB86-24FA0F53EC32}"
EndProject
Project("{8BC9CEB8-8B4A-11D0-8D11-00A0C91BC942}") = "SigScan", "SigScan\SigScan.vcxproj", "{29A892EB-FB40-4038-BDDB-193D0BEEF4A1}"
EndProject
Project("{8BC9CEB8-8B4A-11D0-8D11-00A0C91BC942}") = "HookManager", "HookManager\HookManager.vcxproj", "{138A703E-2846-46A4-9A45-74B4E9A636F4}"
	ProjectSection(ProjectDependencies) = postProject
		{A58F3708-751A-425A-93FB-109344837053} = {A58F3708-751A-425A-93FB-109344837053}
		{29A892EB-FB40-4038-BDDB-193D0BEEF4A1} = {29A892EB-FB40-4038-BDDB-193D0BEEF4A1}
	EndProjectSection
EndProject
Project("{8BC9CEB8-8B4A-11D0-8D11-00A0C91BC942}") = "SettingsManager", "SettingsManager\SettingsManager.vcxproj", "{21EB506E-8172-47F0-9BCC-E887DDE621AB}"
EndProject
Project("{8BC9CEB8-8B4A-11D0-8D11-00A0C91BC942}") = "PluginFramework", "PluginFramework\PluginFramework.vcxproj", "{BA983ED2-2FD5-4D75-BCF5-634EC6845105}"
EndProject
Project("{8BC9CEB8-8B4A-11D0-8D11-00A0C91BC942}") = "TellDetect", "TellDetectPlugin\TellDetect.vcxproj", "{04D9BCCD-FC16-4C9E-8C0E-0941B57F9E17}"
	ProjectSection(ProjectDependencies) = postProject
		{21EB506E-8172-47F0-9BCC-E887DDE621AB} = {21EB506E-8172-47F0-9BCC-E887DDE621AB}
		{BA983ED2-2FD5-4D75-BCF5-634EC6845105} = {BA983ED2-2FD5-4D75-BCF5-634EC6845105}
	EndProjectSection
EndProject
Project("{2150E333-8FDC-42A3-9474-1A3956D46DE8}") = "plugins", "plugins", "{80AD3E25-1DC4-41E7-A135-8D27153992C0}"
EndProject
Project("{8BC9CEB8-8B4A-11D0-8D11-00A0C91BC942}") = "Timestamp", "TimestampPlugin\Timestamp.vcxproj", "{83E40E52-DBFC-44B9-A665-08E021EA9201}"
	ProjectSection(ProjectDependencies) = postProject
		{21EB506E-8172-47F0-9BCC-E887DDE621AB} = {21EB506E-8172-47F0-9BCC-E887DDE621AB}
		{BA983ED2-2FD5-4D75-BCF5-634EC6845105} = {BA983ED2-2FD5-4D75-BCF5-634EC6845105}
	EndProjectSection
EndProject
Project("{8BC9CEB8-8B4A-11D0-8D11-00A0C91BC942}") = "ChatLog", "ChatLogPlugin\ChatLog.vcxproj", "{69933EE0-3F0D-47C4-B69E-C38B5772930A}"
	ProjectSection(ProjectDependencies) = postProject
		{21EB506E-8172-47F0-9BCC-E887DDE621AB} = {21EB506E-8172-47F0-9BCC-E887DDE621AB}
		{BA983ED2-2FD5-4D75-BCF5-634EC6845105} = {BA983ED2-2FD5-4D75-BCF5-634EC6845105}
	EndProjectSection
EndProject
Project("{8BC9CEB8-8B4A-11D0-8D11-00A0C91BC942}") = "IATPatcher", "IATPatcher\IATPatcher.vcxproj", "{A58F3708-751A-425A-93FB-109344837053}"
EndProject
Project("{8BC9CEB8-8B4A-11D0-8D11-00A0C91BC942}") = "bootstrap", "Bootstrap\bootstrap.vcxproj", "{3A560D56-BA3C-4670-BCBB-8278C3F70980}"
	ProjectSection(ProjectDependencies) = postProject
		{A58F3708-751A-425A-93FB-109344837053} = {A58F3708-751A-425A-93FB-109344837053}
		{138A703E-2846-46A4-9A45-74B4E9A636F4} = {138A703E-2846-46A4-9A45-74B4E9A636F4}
		{5CF59F44-EE3D-45BE-A178-A7A30478F07F} = {5CF59F44-EE3D-45BE-A178-A7A30478F07F}
		{21EB506E-8172-47F0-9BCC-E887DDE621AB} = {21EB506E-8172-47F0-9BCC-E887DDE621AB}
		{BA983ED2-2FD5-4D75-BCF5-634EC6845105} = {BA983ED2-2FD5-4D75-BCF5-634EC6845105}
	EndProjectSection
EndProject
Project("{2150E333-8FDC-42A3-9474-1A3956D46DE8}") = "plugins", "plugins", "{C920273A-32B0-4653-89DA-5CF2D8BE72E9}"
EndProject
Project("{8BC9CEB8-8B4A-11D0-8D11-00A0C91BC942}") = "AutoLogin", "AutoLoginPlugin\AutoLogin.vcxproj", "{BD0C19B3-9D7A-4102-B625-60592078FA98}"
EndProject
Project("{8BC9CEB8-8B4A-11D0-8D11-00A0C91BC942}") = "ExpWatch", "ExpWatchPlugin\ExpWatch.vcxproj", "{69933EE0-3F0D-47D4-B69E-C38B577293FA}"
	ProjectSection(ProjectDependencies) = postProject
		{BA983ED2-2FD5-4D75-BCF5-634EC6845105} = {BA983ED2-2FD5-4D75-BCF5-634EC6845105}
	EndProjectSection
EndProject
Project("{8BC9CEB8-8B4A-11D0-8D11-00A0C91BC942}") = "WindowerConfig", "WindowerConfig\WindowerConfig.vcxproj", "{B09BB0C0-8F18-45D0-BF8A-A45D1A1A4435}"
	ProjectSection(ProjectDependencies) = postProject
		{9211C64D-6E62-43F0-8B8F-D96E87FB1C34} = {9211C64D-6E62-43F0-8B8F-D96E87FB1C34}
		{83E40E52-DBFC-44B9-A665-08E021EA9201} = {83E40E52-DBFC-44B9-A665-08E021EA9201}
		{3A560D56-BA3C-4670-BCBB-8278C3F70980} = {3A560D56-BA3C-4670-BCBB-8278C3F70980}
		{21EB506E-8172-47F0-9BCC-E887DDE621AB} = {21EB506E-8172-47F0-9BCC-E887DDE621AB}
		{BD0C19B3-9D7A-4102-B625-60592078FA98} = {BD0C19B3-9D7A-4102-B625-60592078FA98}
		{FAF23DC0-1FF5-406F-8906-D250EDE3A48F} = {FAF23DC0-1FF5-406F-8906-D250EDE3A48F}
		{04D9BCCD-FC16-4C9E-8C0E-0941B57F9E17} = {04D9BCCD-FC16-4C9E-8C0E-0941B57F9E17}
		{BA983ED2-2FD5-4D75-BCF5-634EC6845105} = {BA983ED2-2FD5-4D75-BCF5-634EC6845105}
		{69933EE0-3F0D-47D4-B69E-C38B577293FA} = {69933EE0-3F0D-47D4-B69E-C38B577293FA}
	EndProjectSection
EndProject
Project("{8BC9CEB8-8B4A-11D0-8D11-00A0C91BC942}") = "WindowerPlugin", "WindowerPlugin\WindowerPlugin.vcxproj", "{5CF59F44-EE3D-45BE-A178-A7A30478F07F}"
EndProject
Global
	GlobalSection(SolutionConfigurationPlatforms) = preSolution
		Debug|Win32 = Debug|Win32
		Release + Debug Info|Win32 = Release + Debug Info|Win32
		Release|Win32 = Release|Win32
	EndGlobalSection
	GlobalSection(ProjectConfigurationPlatforms) = postSolution
		{FAF23DC0-1FF5-406F-8906-D250EDE3A48F}.Debug|Win32.ActiveCfg = Debug|Win32
		{FAF23DC0-1FF5-406F-8906-D250EDE3A48F}.Debug|Win32.Build.0 = Debug|Win32
		{FAF23DC0-1FF5-406F-8906-D250EDE3A48F}.Release + Debug Info|Win32.ActiveCfg = Release + Debug Info|Win32
		{FAF23DC0-1FF5-406F-8906-D250EDE3A48F}.Release + Debug Info|Win32.Build.0 = Release + Debug Info|Win32
		{FAF23DC0-1FF5-406F-8906-D250EDE3A48F}.Release|Win32.ActiveCfg = Release|Win32
		{FAF23DC0-1FF5-406F-8906-D250EDE3A48F}.Release|Win32.Build.0 = Release|Win32
		{EC0D5B04-BE25-4D8B-9B31-077DF1855397}.Debug|Win32.ActiveCfg = Debug|Win32
		{EC0D5B04-BE25-4D8B-9B31-077DF1855397}.Debug|Win32.Build.0 = Debug|Win32
		{EC0D5B04-BE25-4D8B-9B31-077DF1855397}.Release + Debug Info|Win32.ActiveCfg = Release + Debug Info|Win32
		{EC0D5B04-BE25-4D8B-9B31-077DF1855397}.Release + Debug Info|Win32.Build.0 = Release + Debug Info|Win32
		{EC0D5B04-BE25-4D8B-9B31-077DF1855397}.Release|Win32.ActiveCfg = Release|Win32
		{EC0D5B04-BE25-4D8B-9B31-077DF1855397}.Release|Win32.Build.0 = Release|Win32
		{9211C64D-6E62-43F0-8B8F-D96E87FB1C34}.Debug|Win32.ActiveCfg = Debug|Win32
		{9211C64D-6E62-43F0-8B8F-D96E87FB1C34}.Debug|Win32.Build.0 = Debug|Win32
		{9211C64D-6E62-43F0-8B8F-D96E87FB1C34}.Release + Debug Info|Win32.ActiveCfg = Release + Debug Info|Win32
		{9211C64D-6E62-43F0-8B8F-D96E87FB1C34}.Release + Debug Info|Win32.Build.0 = Release + Debug Info|Win32
		{9211C64D-6E62-43F0-8B8F-D96E87FB1C34}.Release|Win32.ActiveCfg = Release|Win32
		{9211C64D-6E62-43F0-8B8F-D96E87FB1C34}.Release|Win32.Build.0 = Release|Win32
		{29A892EB-FB40-4038-BDDB-193D0BEEF4A1}.Debug|Win32.ActiveCfg = Debug|Win32
		{29A892EB-FB40-4038-BDDB-193D0BEEF4A1}.Debug|Win32.Build.0 = Debug|Win32
		{29A892EB-FB40-4038-BDDB-193D0BEEF4A1}.Release + Debug Info|Win32.ActiveCfg = Release + Debug Info|Win32
		{29A892EB-FB40-4038-BDDB-193D0BEEF4A1}.Release + Debug Info|Win32.Build.0 = Release + Debug Info|Win32
		{29A892EB-FB40-4038-BDDB-193D0BEEF4A1}.Release|Win32.ActiveCfg = Release|Win32
		{29A892EB-FB40-4038-BDDB-193D0BEEF4A1}.Release|Win32.Build.0 = Release|Win32
		{138A703E-2846-46A4-9A45-74B4E9A636F4}.Debug|Win32.ActiveCfg = Debug|Win32
		{138A703E-2846-46A4-9A45-74B4E9A636F4}.Debug|Win32.Build.0 = Debug|Win32
		{138A703E-2846-46A4-9A45-74B4E9A636F4}.Release + Debug Info|Win32.ActiveCfg = Release + Debug Info|Win32
		{138A703E-2846-46A4-9A45-74B4E9A636F4}.Release + Debug Info|Win32.Build.0 = Release + Debug Info|Win32
		{138A703E-2846-46A4-9A45-74B4E9A636F4}.Release|Win32.ActiveCfg = Release|Win32
		{138A703E-2846-46A4-9A45-74B4E9A636F4}.Release|Win32.Build.0 = Release|Win32
		{21EB506E-8172-47F0-9BCC-E887DDE621AB}.Debug|Win32.ActiveCfg = Debug|Win32
		{21EB506E-8172-47F0-9BCC-E887DDE621AB}.Debug|Win32.Build.0 = Debug|Win32
		{21EB506E-8172-47F0-9BCC-E887DDE621AB}.Release + Debug Info|Win32.ActiveCfg = Release + Debug Info|Win32
		{21EB506E-8172-47F0-9BCC-E887DDE621AB}.Release + Debug Info|Win32.Build.0 = Release + Debug Info|Win32
		{21EB506E-8172-47F0-9BCC-E887DDE621AB}.Release|Win32.ActiveCfg = Release|Win32
		{21EB506E-8172-47F0-9BCC-E887DDE621AB}.Release|Win32.Build.0 = Release|Win32
		{BA983ED2-2FD5-4D75-BCF5-634EC6845105}.Debug|Win32.ActiveCfg = Debug|Win32
		{BA983ED2-2FD5-4D75-BCF5-634EC6845105}.Debug|Win32.Build.0 = Debug|Win32
		{BA983ED2-2FD5-4D75-BCF5-634EC6845105}.Release + Debug Info|Win32.ActiveCfg = Release + Debug Info|Win32
		{BA983ED2-2FD5-4D75-BCF5-634EC6845105}.Release + Debug Info|Win32.Build.0 = Release + Debug Info|Win32
		{BA983ED2-2FD5-4D75-BCF5-634EC6845105}.Release|Win32.ActiveCfg = Release|Win32
		{BA983ED2-2FD5-4D75-BCF5-634EC6845105}.Release|Win32.Build.0 = Release|Win32
		{04D9BCCD-FC16-4C9E-8C0E-0941B57F9E17}.Debug|Win32.ActiveCfg = Debug|Win32
		{04D9BCCD-FC16-4C9E-8C0E-0941B57F9E17}.Debug|Win32.Build.0 = Debug|Win32
		{04D9BCCD-FC16-4C9E-8C0E-0941B57F9E17}.Release + Debug Info|Win32.ActiveCfg = Release + Debug Info|Win32
		{04D9BCCD-FC16-4C9E-8C0E-0941B57F9E17}.Release + Debug Info|Win32.Build.0 = Release + Debug Info|Win32
		{04D9BCCD-FC16-4C9E-8C0E-0941B57F9E17}.Release|Win32.ActiveCfg = Release|Win32
		{04D9BCCD-FC16-4C9E-8C0E-0941B57F9E17}.Release|Win32.Build.0 = Release|Win32
		{83E40E52-DBFC-44B9-A665-08E021EA9201}.Debug|Win32.ActiveCfg = Debug|Win32
		{83E40E52-DBFC-44B9-A665-08E021EA9201}.Debug|Win32.Build.0 = Debug|Win32
		{83E40E52-DBFC-44B9-A665-08E021EA9201}.Release + Debug Info|Win32.ActiveCfg = Release + Debug Info|Win32
		{83E40E52-DBFC-44B9-A665-08E021EA9201}.Release + Debug Info|Win32.Build.0 = Release + Debug Info|Win32
		{83E40E52-DBFC-44B9-A665-08E021EA9201}.Release|Win32.ActiveCfg = Release|Win32
		{83E40E52-DBFC-44B9-A665-08E021EA9201}.Release|Win32.Build.0 = Release|Win32
		{69933EE0-3F0D-47C4-B69E-C38B5772930A}.Debug|Win32.ActiveCfg = Debug|Win32
		{69933EE0-3F0D-47C4-B69E-C38B5772930A}.Debug|Win32.Build.0 = Debug|Win32
		{69933EE0-3F0D-47C4-B69E-C38B5772930A}.Release + Debug Info|Win32.ActiveCfg = Release + Debug Info|Win32
		{69933EE0-3F0D-47C4-B69E-C38B5772930A}.Release + Debug Info|Win32.Build.0 = Release + Debug Info|Win32
		{69933EE0-3F0D-47C4-B69E-C38B5772930A}.Release|Win32.ActiveCfg = Release|Win32
		{69933EE0-3F0D-47C4-B69E-C38B5772930A}.Release|Win32.Build.0 = Release|Win32
		{A58F3708-751A-425A-93FB-109344837053}.Debug|Win32.ActiveCfg = Debug|Win32
		{A58F3708-751A-425A-93FB-109344837053}.Debug|Win32.Build.0 = Debug|Win32
		{A58F3708-751A-425A-93FB-109344837053}.Release + Debug Info|Win32.ActiveCfg = Release + Debug Info|Win32
		{A58F3708-751A-425A-93FB-109344837053}.Release + Debug Info|Win32.Build.0 = Release + Debug Info|Win32
		{A58F3708-751A-425A-93FB-109344837053}.Release|Win32.ActiveCfg = Release|Win32
		{A58F3708-751A-425A-93FB-109344837053}.Release|Win32.Build.0 = Release|Win32
		{3A560D56-BA3C-4670-BCBB-8278C3F70980}.Debug|Win32.ActiveCfg = Debug|Win32
		{3A560D56-BA3C-4670-BCBB-8278C3F70980}.Debug|Win32.Build.0 = Debug|Win32
		{3A560D56-BA3C-4670-BCBB-8278C3F70980}.Release + Debug Info|Win32.ActiveCfg = Release + Debug Info|Win32
		{3A560D56-BA3C-4670-BCBB-8278C3F70980}.Release + Debug Info|Win32.Build.0 = Release + Debug Info|Win32
		{3A560D56-BA3C-4670-BCBB-8278C3F70980}.Release|Win32.ActiveCfg = Release|Win32
		{3A560D56-BA3C-4670-BCBB-8278C3F70980}.Release|Win32.Build.0 = Release|Win32
		{BD0C19B3-9D7A-4102-B625-60592078FA98}.Debug|Win32.ActiveCfg = Debug|Win32
		{BD0C19B3-9D7A-4102-B625-60592078FA98}.Debug|Win32.Build.0 = Debug|Win32
		{BD0C19B3-9D7A-4102-B625-60592078FA98}.Release + Debug Info|Win32.ActiveCfg = Release + Debug Info|Win32
		{BD0C19B3-9D7A-4102-B625-60592078FA98}.Release + Debug Info|Win32.Build.0 = Release + Debug Info|Win32
		{BD0C19B3-9D7A-4102-B625-60592078FA98}.Release|Win32.ActiveCfg = Release|Win32
		{BD0C19B3-9D7A-4102-B625-60592078FA98}.Release|Win32.Build.0 = Release|Win32
		{69933EE0-3F0D-47D4-B69E-C38B577293FA}.Debug|Win32.ActiveCfg = Debug|Win32
		{69933EE0-3F0D-47D4-B69E-C38B577293FA}.Debug|Win32.Build.0 = Debug|Win32
		{69933EE0-3F0D-47D4-B69E-C38B577293FA}.Release + Debug Info|Win32.ActiveCfg = Release + Debug Info|Win32
		{69933EE0-3F0D-47D4-B69E-C38B577293FA}.Release + Debug Info|Win32.Build.0 = Release + Debug Info|Win32
		{69933EE0-3F0D-47D4-B69E-C38B577293FA}.Release|Win32.ActiveCfg = Release|Win32
		{69933EE0-3F0D-47D4-B69E-C38B577293FA}.Release|Win32.Build.0 = Release|Win32
		{B09BB0C0-8F18-45D0-BF8A-A45D1A1A4435}.Debug|Win32.ActiveCfg = Debug|Win32
		{B09BB0C0-8F18-45D0-BF8A-A45D1A1A4435}.Debug|Win32.Build.0 = Debug|Win32
		{B09BB0C0-8F18-45D0-BF8A-A45D1A1A4435}.Release + Debug Info|Win32.ActiveCfg = Release + Debug Info|Win32
		{B09BB0C0-8F18-45D0-BF8A-A45D1A1A4435}.Release + Debug Info|Win32.Build.0 = Release + Debug Info|Win32
		{B09BB0C0-8F18-45D0-BF8A-A45D1A1A4435}.Release|Win32.ActiveCfg = Release|Win32
		{B09BB0C0-8F18-45D0-BF8A-A45D1A1A4435}.Release|Win32.Build.0 = Release|Win32
		{5CF59F44-EE3D-45BE-A178-A7A30478F07F}.Debug|Win32.ActiveCfg = Debug|Win32
		{5CF59F44-EE3D-45BE-A178-A7A30478F07F}.Debug|Win32.Build.0 = Debug|Win32
		{5CF59F44-EE3D-45BE-A178-A7A30478F07F}.Release + Debug Info|Win32.ActiveCfg = Release + Debug Info|Win32
		{5CF59F44-EE3D-45BE-A178-A7A30478F07F}.Release + Debug Info|Win32.Build.0 = Release + Debug Info|Win32
		{5CF59F44-EE3D-45BE-A178-A7A30478F07F}.Release|Win32.ActiveCfg = Release|Win32
		{5CF59F44-EE3D-45BE-A178-A7A30478F07F}.Release|Win32.Build.0 = Release|Win32
	EndGlobalSection
	GlobalSection(SolutionProperties) = preSolution
		HideSolutionNode = FALSE
	EndGlobalSection
	GlobalSection(NestedProjects) = preSolution
		{FAF23DC0-1FF5-406F-8906-D250EDE3A48F} = {CD939F8C-4850-404A-A2B3-3EC94BBF8994}
		{80AD3E25-1DC4-41E7-A135-8D27153992C0} = {CD939F8C-4850-404A-A2B3-3EC94BBF8994}
		{B09BB0C0-8F18-45D0-BF8A-A45D1A1A4435} = {CD939F8C-4850-404A-A2B3-3EC94BBF8994}
		{EC0D5B04-BE25-4D8B-9B31-077DF1855397} = {59F85400-0CFD-4791-BB86-24FA0F53EC32}
		{3A560D56-BA3C-4670-BCBB-8278C3F70980} = {59F85400-0CFD-4791-BB86-24FA0F53EC32}
		{C920273A-32B0-4653-89DA-5CF2D8BE72E9} = {59F85400-0CFD-4791-BB86-24FA0F53EC32}
		{9211C64D-6E62-43F0-8B8F-D96E87FB1C34} = {19D307E9-C6D3-4EBD-BB3C-217BDBDC5443}
		{29A892EB-FB40-4038-BDDB-193D0BEEF4A1} = {19D307E9-C6D3-4EBD-BB3C-217BDBDC5443}
		{138A703E-2846-46A4-9A45-74B4E9A636F4} = {19D307E9-C6D3-4EBD-BB3C-217BDBDC5443}
		{21EB506E-8172-47F0-9BCC-E887DDE621AB} = {19D307E9-C6D3-4EBD-BB3C-217BDBDC5443}
		{BA983ED2-2FD5-4D75-BCF5-634EC6845105} = {19D307E9-C6D3-4EBD-BB3C-217BDBDC5443}
		{A58F3708-751A-425A-93FB-109344837053} = {19D307E9-C6D3-4EBD-BB3C-217BDBDC5443}
		{04D9BCCD-FC16-4C9E-8C0E-0941B57F9E17} = {80AD3E25-1DC4-41E7-A135-8D27153992C0}
		{83E40E52-DBFC-44B9-A665-08E021EA9201} = {80AD3E25-1DC4-41E7-A135-8D27153992C0}
		{69933EE0-3F0D-47C4-B69E-C38B5772930A} = {80AD3E25-1DC4-41E7-A135-8D27153992C0}
		{69933EE0-3F0D-47D4-B69E-C38B577293FA} = {80AD3E25-1DC4-41E7-A135-8D27153992C0}
		{5CF59F44-EE3D-45BE-A178-A7A30478F07F} = {80AD3E25-1DC4-41E7-A135-8D27153992C0}
		{BD0C19B3-9D7A-4102-B625-60592078FA98} = {C920273A-32B0-4653-89DA-5CF2D8BE72E9}
	EndGlobalSection
EndGlobal
