<?xml version="1.0" encoding="utf-8"?>
<Project ToolsVersion="4.0" xmlns="http://schemas.microsoft.com/developer/msbuild/2003">
  <ItemGroup>
    <ClInclude Include="stdafx.h">
      <Filter>Precompiled headers</Filter>
    </ClInclude>
    <ClInclude Include="InjectModule.h">
      <Filter>InjectModule</Filter>
    </ClInclude>
    <ClInclude Include="ModuleInjection.h" />
  </ItemGroup>
  <ItemGroup>
    <ClCompile Include="stdafx.cpp">
      <Filter>Precompiled headers</Filter>
    </ClCompile>
    <ClCompile Include="InjectModule.cpp">
      <Filter>InjectModule</Filter>
    </ClCompile>
  </ItemGroup>
  <ItemGroup>
    <Filter Include="Precompiled headers">
      <UniqueIdentifier>{9072651a-047d-481a-ad44-7ca0313723b3}</UniqueIdentifier>
    </Filter>
    <Filter Include="InjectModule">
      <UniqueIdentifier>{4379c1e0-1b29-4fdf-ac55-6ed0b5e4de5a}</UniqueIdentifier>
    </Filter>
  </ItemGroup>
</Project>