<?xml version="1.0" encoding="utf-8"?>
<Project ToolsVersion="4.0" xmlns="http://schemas.microsoft.com/developer/msbuild/2003">
  <ItemGroup>
    <Filter Include="Settings">
      <UniqueIdentifier>{8eb26063-5676-49be-bb32-f0880ad1e4a7}</UniqueIdentifier>
    </Filter>
    <Filter Include="Precompiled headers">
      <UniqueIdentifier>{83accd5a-1372-4013-8367-2f3c225a6bf2}</UniqueIdentifier>
    </Filter>
  </ItemGroup>
  <ItemGroup>
    <ClInclude Include="SimpleIni.h">
      <Filter>Settings</Filter>
    </ClInclude>
    <ClInclude Include="SettingsIniFile.h">
      <Filter>Settings</Filter>
    </ClInclude>
    <ClInclude Include="SettingsInterface.h">
      <Filter>Settings</Filter>
    </ClInclude>
    <ClInclude Include="SettingsManager.h" />
    <ClInclude Include="stdafx.h">
      <Filter>Precompiled headers</Filter>
    </ClInclude>
  </ItemGroup>
  <ItemGroup>
    <ClCompile Include="SettingsIniFile.cpp">
      <Filter>Settings</Filter>
    </ClCompile>
    <ClCompile Include="stdafx.cpp">
      <Filter>Precompiled headers</Filter>
    </ClCompile>
  </ItemGroup>
</Project>