<?xml version="1.0" encoding="utf-8"?>
<Project ToolsVersion="4.0" xmlns="http://schemas.microsoft.com/developer/msbuild/2003">
  <ItemGroup>
    <Filter Include="Precompiled headers">
      <UniqueIdentifier>{666427f3-3653-415f-afc1-0f43303c4fba}</UniqueIdentifier>
    </Filter>
    <Filter Include="Common">
      <UniqueIdentifier>{2ae01393-fa11-4ba4-8658-aed57b06467e}</UniqueIdentifier>
    </Filter>
    <Filter Include="Engine">
      <UniqueIdentifier>{d2bb4d69-c77d-48c9-8acd-c36d5094db04}</UniqueIdentifier>
    </Filter>
    <Filter Include="Interface">
      <UniqueIdentifier>{6d085b98-9f6b-4640-a000-a921daf918fc}</UniqueIdentifier>
    </Filter>
    <Filter Include="Commands">
      <UniqueIdentifier>{16511151-ca53-46af-8d74-b1792838247c}</UniqueIdentifier>
    </Filter>
  </ItemGroup>
  <ItemGroup>
    <ClCompile Include="stdafx.cpp">
      <Filter>Precompiled headers</Filter>
    </ClCompile>
    <ClCompile Include="..\Common\string_t.cpp">
      <Filter>Common</Filter>
    </ClCompile>
    <ClCompile Include="PluginsServices.cpp" />
    <ClCompile Include="PluginEngine.cpp">
      <Filter>Engine</Filter>
    </ClCompile>
    <ClCompile Include="ICreateTextNodePlugin.cpp">
      <Filter>Interface</Filter>
    </ClCompile>
    <ClCompile Include="IGameChatPlugin.cpp">
      <Filter>Interface</Filter>
    </ClCompile>
    <ClCompile Include="CommandParameter.cpp">
      <Filter>Commands</Filter>
    </ClCompile>
    <ClCompile Include="WindowerCommand.cpp">
      <Filter>Commands</Filter>
    </ClCompile>
    <ClCompile Include="CommandHandler.cpp">
      <Filter>Commands</Filter>
    </ClCompile>
    <ClCompile Include="ICommandHandler.cpp">
      <Filter>Commands</Filter>
    </ClCompile>
  </ItemGroup>
  <ItemGroup>
    <ClInclude Include="stdafx.h">
      <Filter>Precompiled headers</Filter>
    </ClInclude>
    <ClInclude Include="..\Common\stdhdr.h">
      <Filter>Common</Filter>
    </ClInclude>
    <ClInclude Include="..\Common\string_t.h">
      <Filter>Common</Filter>
    </ClInclude>
    <ClInclude Include="PluginsServices.h" />
    <ClInclude Include="BaseEngine.h">
      <Filter>Engine</Filter>
    </ClInclude>
    <ClInclude Include="PluginEngine.h">
      <Filter>Engine</Filter>
    </ClInclude>
    <ClInclude Include="IGameChatPlugin.h">
      <Filter>Interface</Filter>
    </ClInclude>
    <ClInclude Include="ICreateTextNodePlugin.h">
      <Filter>Interface</Filter>
    </ClInclude>
    <ClInclude Include="ICoreModule.h">
      <Filter>Engine</Filter>
    </ClInclude>
    <ClInclude Include="CommandParameter.h">
      <Filter>Commands</Filter>
    </ClInclude>
    <ClInclude Include="WindowerCommand.h">
      <Filter>Commands</Filter>
    </ClInclude>
    <ClInclude Include="CommandHandler.h">
      <Filter>Commands</Filter>
    </ClInclude>
    <ClInclude Include="ICommandHandler.h">
      <Filter>Commands</Filter>
    </ClInclude>
  </ItemGroup>
</Project>