<?xml version="1.0" encoding="utf-8"?>
<Project ToolsVersion="4.0" xmlns="http://schemas.microsoft.com/developer/msbuild/2003">
  <ItemGroup>
    <Filter Include="Resources">
      <UniqueIdentifier>{67DA6AB6-F800-4c08-8B7A-83BB121AAD01}</UniqueIdentifier>
      <Extensions>rc;ico;cur;bmp;dlg;rc2;rct;bin;rgs;gif;jpg;jpeg;jpe;resx;tiff;tif;png;wav;mfcribbon-ms</Extensions>
    </Filter>
    <Filter Include="Resources\images">
      <UniqueIdentifier>{6bd85a61-c106-43f7-939b-9b3d96594d74}</UniqueIdentifier>
    </Filter>
    <Filter Include="Settings">
      <UniqueIdentifier>{ba47284f-421b-44ba-9908-799c3c4ef793}</UniqueIdentifier>
    </Filter>
    <Filter Include="Common">
      <UniqueIdentifier>{d6c69072-4a97-4dca-93b2-077b55052f5c}</UniqueIdentifier>
    </Filter>
  </ItemGroup>
  <ItemGroup>
    <ClInclude Include="stdafx.h" />
    <ClInclude Include="version.h">
      <Filter>Resources</Filter>
    </ClInclude>
    <ClInclude Include="..\Windowerx14\WindowerSettings.h">
      <Filter>Settings</Filter>
    </ClInclude>
    <ClInclude Include="..\Windowerx14\WindowerSettingsManager.h">
      <Filter>Settings</Filter>
    </ClInclude>
    <ClInclude Include="..\SettingsManager\SettingsIniFile.h">
      <Filter>Settings</Filter>
    </ClInclude>
    <ClInclude Include="..\SettingsManager\SimpleIni.h">
      <Filter>Settings</Filter>
    </ClInclude>
    <ClInclude Include="..\Common\string_t.h">
      <Filter>Common</Filter>
    </ClInclude>
  </ItemGroup>
  <ItemGroup>
    <ClCompile Include="launcher.cpp" />
    <ClCompile Include="..\Windowerx14\WindowerSettingsManager.cpp">
      <Filter>Settings</Filter>
    </ClCompile>
    <ClCompile Include="..\SettingsManager\SettingsIniFile.cpp">
      <Filter>Settings</Filter>
    </ClCompile>
    <ClCompile Include="..\Common\string_t.cpp">
      <Filter>Common</Filter>
    </ClCompile>
  </ItemGroup>
  <ItemGroup>
    <ResourceCompile Include="module.rc">
      <Filter>Resources</Filter>
    </ResourceCompile>
  </ItemGroup>
  <ItemGroup>
    <None Include="..\Common\x14.ico">
      <Filter>Resources\images</Filter>
    </None>
  </ItemGroup>
</Project>