<?xml version="1.0" encoding="utf-8"?>
<Project ToolsVersion="4.0" xmlns="http://schemas.microsoft.com/developer/msbuild/2003">
  <ItemGroup>
    <Filter Include="Resources">
      <UniqueIdentifier>{67DA6AB6-F800-4c08-8B7A-83BB121AAD01}</UniqueIdentifier>
      <Extensions>rc;ico;cur;bmp;dlg;rc2;rct;bin;rgs;gif;jpg;jpeg;jpe;resx;tiff;tif;png;wav;mfcribbon-ms</Extensions>
    </Filter>
    <Filter Include="Precompiled headers">
      <UniqueIdentifier>{378c0806-17f0-419e-93cd-e16e9155eea7}</UniqueIdentifier>
    </Filter>
    <Filter Include="Config">
      <UniqueIdentifier>{a049b221-6207-41c8-9c89-f7b5da9178c0}</UniqueIdentifier>
    </Filter>
    <Filter Include="Updater">
      <UniqueIdentifier>{f4404958-2588-4931-af17-7e250fbcf127}</UniqueIdentifier>
    </Filter>
    <Filter Include="Resources\images">
      <UniqueIdentifier>{72ef56c1-4744-4661-a7f7-8b2e0d7359c0}</UniqueIdentifier>
    </Filter>
  </ItemGroup>
  <ItemGroup>
    <ClInclude Include="version.h">
      <Filter>Resources</Filter>
    </ClInclude>
    <ClInclude Include="stdafx.h">
      <Filter>Precompiled headers</Filter>
    </ClInclude>
    <ClInclude Include="LauncherApp.h" />
    <ClInclude Include="resource.h">
      <Filter>Resources</Filter>
    </ClInclude>
    <ClInclude Include="ConfigDlg.h">
      <Filter>Config</Filter>
    </ClInclude>
    <ClInclude Include="WindowerUpdater.h">
      <Filter>Updater</Filter>
    </ClInclude>
    <ClInclude Include="UpdaterDlg.h">
      <Filter>Updater</Filter>
    </ClInclude>
  </ItemGroup>
  <ItemGroup>
    <ClCompile Include="stdafx.cpp">
      <Filter>Precompiled headers</Filter>
    </ClCompile>
    <ClCompile Include="LauncherApp.cpp" />
    <ClCompile Include="ConfigDlg.cpp">
      <Filter>Config</Filter>
    </ClCompile>
    <ClCompile Include="WindowerUpdater.cpp">
      <Filter>Updater</Filter>
    </ClCompile>
    <ClCompile Include="UpdaterDlg.cpp">
      <Filter>Updater</Filter>
    </ClCompile>
  </ItemGroup>
  <ItemGroup>
    <ResourceCompile Include="module.rc">
      <Filter>Resources</Filter>
    </ResourceCompile>
    <ResourceCompile Include="Config.rc">
      <Filter>Resources</Filter>
    </ResourceCompile>
  </ItemGroup>
  <ItemGroup>
    <None Include="res\Config.rc2">
      <Filter>Resources</Filter>
    </None>
    <None Include="..\Common\config.ico">
      <Filter>Resources\images</Filter>
    </None>
    <None Include="..\Common\x14.ico">
      <Filter>Resources\images</Filter>
    </None>
    <None Include="res\dlg_config.png">
      <Filter>Resources\images</Filter>
    </None>
  </ItemGroup>
</Project>