<?xml version="1.0" encoding="utf-8"?>
<Project ToolsVersion="4.0" xmlns="http://schemas.microsoft.com/developer/msbuild/2003">
  <ItemGroup>
    <ClInclude Include="version.h">
      <Filter>Resources</Filter>
    </ClInclude>
    <ClInclude Include="stdafx.h">
      <Filter>Precompiled headers</Filter>
    </ClInclude>
    <ClInclude Include="ExpWatchPlugin.h" />
  </ItemGroup>
  <ItemGroup>
    <Filter Include="Resources">
      <UniqueIdentifier>{65569bdf-b2af-4fed-b396-5bdf378416d1}</UniqueIdentifier>
    </Filter>
    <Filter Include="Precompiled headers">
      <UniqueIdentifier>{876235ba-7e4b-40e3-aacb-ae6788960f6b}</UniqueIdentifier>
    </Filter>
  </ItemGroup>
  <ItemGroup>
    <ResourceCompile Include="module.rc">
      <Filter>Resources</Filter>
    </ResourceCompile>
  </ItemGroup>
  <ItemGroup>
    <ClCompile Include="stdafx.cpp">
      <Filter>Precompiled headers</Filter>
    </ClCompile>
    <ClCompile Include="ExpWatchPlugin.cpp" />
  </ItemGroup>
</Project>