<?xml version="1.0" encoding="utf-8"?>
<Project ToolsVersion="4.0" xmlns="http://schemas.microsoft.com/developer/msbuild/2003">
  <ItemGroup>
    <Filter Include="precompiled headers">
      <UniqueIdentifier>{2d05bdfe-79d2-41e3-92f8-10d784916e3f}</UniqueIdentifier>
    </Filter>
    <Filter Include="UI">
      <UniqueIdentifier>{bc70ed11-57e8-4d41-8a77-1df3f530d276}</UniqueIdentifier>
    </Filter>
    <Filter Include="geometry">
      <UniqueIdentifier>{8914df48-75bb-4738-9a42-1797cdd7fcbf}</UniqueIdentifier>
    </Filter>
    <Filter Include="Factory">
      <UniqueIdentifier>{242decc6-633d-45a5-a092-1a91a4023684}</UniqueIdentifier>
    </Filter>
    <Filter Include="UI\Basic elements">
      <UniqueIdentifier>{3c49b186-4d19-41d6-80be-cd173fd47d74}</UniqueIdentifier>
    </Filter>
    <Filter Include="UI\Renderer">
      <UniqueIdentifier>{52cc79a0-fd2a-4b8d-9875-e5b4b3ebdfb3}</UniqueIdentifier>
    </Filter>
  </ItemGroup>
  <ItemGroup>
    <ClInclude Include="stdafx.h">
      <Filter>precompiled headers</Filter>
    </ClInclude>
    <ClInclude Include="UIAL.h" />
    <ClInclude Include="UiElement.h">
      <Filter>UI</Filter>
    </ClInclude>
    <ClInclude Include="UiWindow.h">
      <Filter>UI</Filter>
    </ClInclude>
    <ClInclude Include="Point.h">
      <Filter>geometry</Filter>
    </ClInclude>
    <ClInclude Include="Rect.h">
      <Filter>geometry</Filter>
    </ClInclude>
    <ClInclude Include="CoordinateSystemPolicies.h">
      <Filter>geometry</Filter>
    </ClInclude>
    <ClInclude Include="UiFactory.h">
      <Filter>Factory</Filter>
    </ClInclude>
    <ClInclude Include="UiWindowDescriptor.h">
      <Filter>Factory</Filter>
    </ClInclude>
    <ClInclude Include="UiColor.h">
      <Filter>UI\Basic elements</Filter>
    </ClInclude>
    <ClInclude Include="UiTextElement.h">
      <Filter>UI\Basic elements</Filter>
    </ClInclude>
    <ClInclude Include="UiFont.h">
      <Filter>UI\Basic elements</Filter>
    </ClInclude>
    <ClInclude Include="IWindowRenderer.h">
      <Filter>UI\Renderer</Filter>
    </ClInclude>
  </ItemGroup>
  <ItemGroup>
    <ClCompile Include="stdafx.cpp">
      <Filter>precompiled headers</Filter>
    </ClCompile>
    <ClCompile Include="UiFont.cpp">
      <Filter>UI\Basic elements</Filter>
    </ClCompile>
    <ClCompile Include="UiColor.cpp">
      <Filter>UI\Basic elements</Filter>
    </ClCompile>
    <ClCompile Include="UiTextElement.cpp">
      <Filter>UI\Basic elements</Filter>
    </ClCompile>
  </ItemGroup>
</Project>