<?xml version="1.0" encoding="utf-8"?>
<Project ToolsVersion="4.0" xmlns="http://schemas.microsoft.com/developer/msbuild/2003">
  <ItemGroup>
    <ClInclude Include="VisualDialogImpl.h">
      <Filter>Dialog</Filter>
    </ClInclude>
    <ClInclude Include="VisualDialog.h">
      <Filter>Dialog</Filter>
    </ClInclude>
    <ClInclude Include="OverlayTabCtrl.h">
      <Filter>Controls</Filter>
    </ClInclude>
    <ClInclude Include="setdpi.h">
      <Filter>MFC</Filter>
    </ClInclude>
    <ClInclude Include="VisualManager.h" />
    <ClInclude Include="VisualMgr.h" />
    <ClInclude Include="VisualTabDialog.h">
      <Filter>Dialog</Filter>
    </ClInclude>
    <ClInclude Include="ImageListButton.h">
      <Filter>Controls</Filter>
    </ClInclude>
    <ClInclude Include="TabHeader.h">
      <Filter>Controls</Filter>
    </ClInclude>
    <ClInclude Include="TabPage.h">
      <Filter>Controls</Filter>
    </ClInclude>
    <ClInclude Include="VisualTab.h">
      <Filter>Controls</Filter>
    </ClInclude>
    <ClInclude Include="VisualTabCtrl.h">
      <Filter>Controls</Filter>
    </ClInclude>
    <ClInclude Include="stdafx.h">
      <Filter>Precompiled headers</Filter>
    </ClInclude>
  </ItemGroup>
  <ItemGroup>
    <ClCompile Include="VisualDialog.cpp">
      <Filter>Dialog</Filter>
    </ClCompile>
    <ClCompile Include="VisualDialogImpl.cpp">
      <Filter>Dialog</Filter>
    </ClCompile>
    <ClCompile Include="OverlayTabCtrl.cpp">
      <Filter>Controls</Filter>
    </ClCompile>
    <ClCompile Include="setdpi.cpp">
      <Filter>MFC</Filter>
    </ClCompile>
    <ClCompile Include="VisualMgr.cpp" />
    <ClCompile Include="VisualTabDialog.cpp">
      <Filter>Dialog</Filter>
    </ClCompile>
    <ClCompile Include="ImageListButton.cpp">
      <Filter>Controls</Filter>
    </ClCompile>
    <ClCompile Include="TabHeader.cpp">
      <Filter>Controls</Filter>
    </ClCompile>
    <ClCompile Include="TabPage.cpp">
      <Filter>Controls</Filter>
    </ClCompile>
    <ClCompile Include="VisualTab.cpp">
      <Filter>Controls</Filter>
    </ClCompile>
    <ClCompile Include="VisualTabCtrl.cpp">
      <Filter>Controls</Filter>
    </ClCompile>
    <ClCompile Include="stdafx.cpp">
      <Filter>Precompiled headers</Filter>
    </ClCompile>
  </ItemGroup>
  <ItemGroup>
    <Filter Include="MFC">
      <UniqueIdentifier>{69ff0f1d-ff83-4c2b-ab58-a6c0810c2b6b}</UniqueIdentifier>
    </Filter>
    <Filter Include="Dialog">
      <UniqueIdentifier>{e4921fd1-79f2-4972-82dc-72beffc5aae9}</UniqueIdentifier>
    </Filter>
    <Filter Include="Controls">
      <UniqueIdentifier>{fddbbfc6-eb0f-42bb-a426-b5ca7c19206d}</UniqueIdentifier>
    </Filter>
    <Filter Include="Precompiled headers">
      <UniqueIdentifier>{94972ab3-a841-4da6-a3ca-66f8dfb97456}</UniqueIdentifier>
    </Filter>
    <Filter Include="MFC\AppStyle">
      <UniqueIdentifier>{511cd7fe-b2af-4328-829b-377c5768ce2d}</UniqueIdentifier>
    </Filter>
    <Filter Include="MFC\AppStyle\AppCaption">
      <UniqueIdentifier>{38db326a-8268-4db2-9390-2a6332fd3219}</UniqueIdentifier>
    </Filter>
    <Filter Include="MFC\AppStyle\MainWnd">
      <UniqueIdentifier>{71b0e1bf-37e2-4d8f-840c-e9aac080ae1d}</UniqueIdentifier>
    </Filter>
    <Filter Include="MFC\AppStyle\MenuBar">
      <UniqueIdentifier>{2514fcc2-d560-47a5-80cd-bf2b1658ed36}</UniqueIdentifier>
    </Filter>
    <Filter Include="MFC\AppStyle\PopupBar">
      <UniqueIdentifier>{2219a9b6-300b-4d29-9e42-08489adf14f3}</UniqueIdentifier>
    </Filter>
    <Filter Include="MFC\AppStyle\StatusBar">
      <UniqueIdentifier>{e89856de-5a42-4281-a4e9-a49242f701d2}</UniqueIdentifier>
    </Filter>
    <Filter Include="MFC\AppStyle\ToolBar">
      <UniqueIdentifier>{e76413d2-332b-400f-916e-ce537b00df6e}</UniqueIdentifier>
    </Filter>
    <Filter Include="MFC\AppStyle\Tab">
      <UniqueIdentifier>{e8ed150c-2b67-4c90-a094-984c0a197878}</UniqueIdentifier>
    </Filter>
  </ItemGroup>
  <ItemGroup>
    <None Include="..\AppStyle\MenuBar\Btn.png">
      <Filter>MFC\AppStyle\MenuBar</Filter>
    </None>
    <None Include="..\AppStyle\StatusBar\Back.png">
      <Filter>MFC\AppStyle\StatusBar</Filter>
    </None>
    <None Include="..\AppStyle\StatusBar\Back_Ext.png">
      <Filter>MFC\AppStyle\StatusBar</Filter>
    </None>
    <None Include="..\AppStyle\StatusBar\PaneBorder.png">
      <Filter>MFC\AppStyle\StatusBar</Filter>
    </None>
    <None Include="..\AppStyle\StatusBar\SizeGrip.png">
      <Filter>MFC\AppStyle\StatusBar</Filter>
    </None>
    <None Include="..\AppStyle\ToolBar\Border.png">
      <Filter>MFC\AppStyle\ToolBar</Filter>
    </None>
    <None Include="..\AppStyle\ToolBar\Btn.png">
      <Filter>MFC\AppStyle\ToolBar</Filter>
    </None>
    <None Include="..\AppStyle\PopupBar\Border.png">
      <Filter>MFC\AppStyle\PopupBar</Filter>
    </None>
    <None Include="..\AppStyle\PopupBar\Gripper.png">
      <Filter>MFC\AppStyle\PopupBar</Filter>
    </None>
    <None Include="..\AppStyle\PopupBar\Item_Back.png">
      <Filter>MFC\AppStyle\PopupBar</Filter>
    </None>
    <None Include="..\AppStyle\PopupBar\Item_Marker_C.png">
      <Filter>MFC\AppStyle\PopupBar</Filter>
    </None>
    <None Include="..\AppStyle\PopupBar\Item_Marker_R.png">
      <Filter>MFC\AppStyle\PopupBar</Filter>
    </None>
    <None Include="..\AppStyle\PopupBar\MenuHighlight.png">
      <Filter>MFC\AppStyle\PopupBar</Filter>
    </None>
    <None Include="..\AppStyle\PopupBar\MenuHighlightDisabled.png">
      <Filter>MFC\AppStyle\PopupBar</Filter>
    </None>
    <None Include="..\AppStyle\PopupBar\MenuScrollBtn.png">
      <Filter>MFC\AppStyle\PopupBar</Filter>
    </None>
    <None Include="..\AppStyle\PopupBar\ResizeBar.png">
      <Filter>MFC\AppStyle\PopupBar</Filter>
    </None>
    <None Include="..\AppStyle\PopupBar\ResizeBar_HV.png">
      <Filter>MFC\AppStyle\PopupBar</Filter>
    </None>
    <None Include="..\AppStyle\PopupBar\ResizeBar_HVT.png">
      <Filter>MFC\AppStyle\PopupBar</Filter>
    </None>
    <None Include="..\AppStyle\PopupBar\ResizeBar_V.png">
      <Filter>MFC\AppStyle\PopupBar</Filter>
    </None>
    <None Include="..\AppStyle\PopupBar\Tear.png">
      <Filter>MFC\AppStyle\PopupBar</Filter>
    </None>
    <None Include="..\AppStyle\MainWnd\Border.png">
      <Filter>MFC\AppStyle\MainWnd</Filter>
    </None>
    <None Include="..\AppStyle\MainWnd\BorderCaption.png">
      <Filter>MFC\AppStyle\MainWnd</Filter>
    </None>
    <None Include="..\AppStyle\MainWnd\BorderMDIChild.png">
      <Filter>MFC\AppStyle\MainWnd</Filter>
    </None>
    <None Include="..\AppStyle\AppCaption\SysBtn_Restore.png">
      <Filter>MFC\AppStyle\AppCaption</Filter>
    </None>
    <None Include="..\AppStyle\AppCaption\SysBtn_Restore_S.png">
      <Filter>MFC\AppStyle\AppCaption</Filter>
    </None>
    <None Include="..\AppStyle\AppCaption\SysBtn_Back.png">
      <Filter>MFC\AppStyle\AppCaption</Filter>
    </None>
    <None Include="..\AppStyle\AppCaption\SysBtn_Close.png">
      <Filter>MFC\AppStyle\AppCaption</Filter>
    </None>
    <None Include="..\AppStyle\AppCaption\SysBtn_Close_S.png">
      <Filter>MFC\AppStyle\AppCaption</Filter>
    </None>
    <None Include="..\AppStyle\AppCaption\SysBtn_Maximize.png">
      <Filter>MFC\AppStyle\AppCaption</Filter>
    </None>
    <None Include="..\AppStyle\AppCaption\SysBtn_Maximize_S.png">
      <Filter>MFC\AppStyle\AppCaption</Filter>
    </None>
    <None Include="..\AppStyle\AppCaption\SysBtn_Minimize.png">
      <Filter>MFC\AppStyle\AppCaption</Filter>
    </None>
    <None Include="..\AppStyle\AppCaption\SysBtn_Minimize_S.png">
      <Filter>MFC\AppStyle\AppCaption</Filter>
    </None>
    <None Include="..\AppStyle\Popup.xml">
      <Filter>MFC\AppStyle</Filter>
    </None>
    <None Include="..\AppStyle\Bars.rc2">
      <Filter>MFC\AppStyle</Filter>
    </None>
    <None Include="..\AppStyle\Bars.xml">
      <Filter>MFC\AppStyle</Filter>
    </None>
    <None Include="..\AppStyle\Dialog.rc2">
      <Filter>MFC\AppStyle</Filter>
    </None>
    <None Include="..\AppStyle\Dialog.xml">
      <Filter>MFC\AppStyle</Filter>
    </None>
    <None Include="..\AppStyle\Globals.rc2">
      <Filter>MFC\AppStyle</Filter>
    </None>
    <None Include="..\AppStyle\Globals.xml">
      <Filter>MFC\AppStyle</Filter>
    </None>
    <None Include="..\AppStyle\MainWnd.rc2">
      <Filter>MFC\AppStyle</Filter>
    </None>
    <None Include="..\AppStyle\MainWnd.xml">
      <Filter>MFC\AppStyle</Filter>
    </None>
    <None Include="..\AppStyle\Popup.rc2">
      <Filter>MFC\AppStyle</Filter>
    </None>
    <None Include="AppStyle\Combo.rc2">
      <Filter>MFC\AppStyle</Filter>
    </None>
    <None Include="AppStyle\Combo.xml">
      <Filter>MFC\AppStyle</Filter>
    </None>
    <None Include="AppStyle\Edit.rc2">
      <Filter>MFC\AppStyle</Filter>
    </None>
    <None Include="AppStyle\Edit.xml">
      <Filter>MFC\AppStyle</Filter>
    </None>
    <None Include="AppStyle\Header.rc2">
      <Filter>MFC\AppStyle</Filter>
    </None>
    <None Include="AppStyle\Header.xml">
      <Filter>MFC\AppStyle</Filter>
    </None>
    <None Include="AppStyle\Menu.rc2">
      <Filter>MFC\AppStyle</Filter>
    </None>
    <None Include="AppStyle\Menu.xml">
      <Filter>MFC\AppStyle</Filter>
    </None>
    <None Include="AppStyle\TabDialog.rc2">
      <Filter>MFC\AppStyle</Filter>
    </None>
    <None Include="AppStyle\TabDialog.xml">
      <Filter>MFC\AppStyle</Filter>
    </None>
    <None Include="AppStyle\Tabs.rc2">
      <Filter>MFC\AppStyle</Filter>
    </None>
    <None Include="AppStyle\Tabs.xml">
      <Filter>MFC\AppStyle</Filter>
    </None>
    <None Include="AppStyle\Tab\3D.png">
      <Filter>MFC\AppStyle\Tab</Filter>
    </None>
    <None Include="AppStyle\Tab\Flat.png">
      <Filter>MFC\AppStyle\Tab</Filter>
    </None>
  </ItemGroup>
  <ItemGroup>
    <ResourceCompile Include="..\AppStyle\VisualManager.rc">
      <Filter>MFC\AppStyle</Filter>
    </ResourceCompile>
  </ItemGroup>
</Project>