<?xml version="1.0" encoding="utf-8"?>
<Project ToolsVersion="4.0" xmlns="http://schemas.microsoft.com/developer/msbuild/2003">
  <ItemGroup>
    <Filter Include="Precompiled headers">
      <UniqueIdentifier>{353809ff-d399-4e2e-80c3-fc1720d3e758}</UniqueIdentifier>
    </Filter>
    <Filter Include="Resources">
      <UniqueIdentifier>{7172cd62-b186-4d98-a205-732437e04ba0}</UniqueIdentifier>
    </Filter>
    <Filter Include="UI">
      <UniqueIdentifier>{500a6f66-a27d-4413-aabb-87835d466b0a}</UniqueIdentifier>
    </Filter>
    <Filter Include="Updater">
      <UniqueIdentifier>{122402bf-595c-40de-9408-24f4d2748988}</UniqueIdentifier>
    </Filter>
  </ItemGroup>
  <ItemGroup>
    <ClCompile Include="stdafx.cpp">
      <Filter>Precompiled headers</Filter>
    </ClCompile>
    <ClCompile Include="dllmain.cpp" />
    <ClCompile Include="UpdateDlg.cpp">
      <Filter>UI</Filter>
    </ClCompile>
    <ClCompile Include="WindowerUpdater.cpp">
      <Filter>Updater</Filter>
    </ClCompile>
  </ItemGroup>
  <ItemGroup>
    <ClInclude Include="stdafx.h">
      <Filter>Precompiled headers</Filter>
    </ClInclude>
    <ClInclude Include="version.h">
      <Filter>Resources</Filter>
    </ClInclude>
    <ClInclude Include="resource.h">
      <Filter>Resources</Filter>
    </ClInclude>
    <ClInclude Include="UpdateDlg.h">
      <Filter>UI</Filter>
    </ClInclude>
    <ClInclude Include="Updaterx14.h" />
    <ClInclude Include="WindowerUpdater.h">
      <Filter>Updater</Filter>
    </ClInclude>
  </ItemGroup>
  <ItemGroup>
    <ResourceCompile Include="module.rc">
      <Filter>Resources</Filter>
    </ResourceCompile>
    <ResourceCompile Include="updaterx14.rc">
      <Filter>Resources</Filter>
    </ResourceCompile>
  </ItemGroup>
  <ItemGroup>
    <None Include="res\updaterx14.rc2">
      <Filter>Resources</Filter>
    </None>
    <None Include="..\Common\x14.ico">
      <Filter>Resources</Filter>
    </None>
  </ItemGroup>
</Project>