<?xml version="1.0" encoding="utf-8"?>
<Project ToolsVersion="4.0" xmlns="http://schemas.microsoft.com/developer/msbuild/2003">
  <ItemGroup>
    <Filter Include="Precompiled headers">
      <UniqueIdentifier>{a75eaf22-5f8f-426c-833e-1ef3fe2f5e41}</UniqueIdentifier>
    </Filter>
    <Filter Include="Resources">
      <UniqueIdentifier>{334b0c36-abfa-4468-a90e-04b761e9bbbe}</UniqueIdentifier>
    </Filter>
    <Filter Include="Windower">
      <UniqueIdentifier>{6c653b87-32a6-4c14-b819-860ba7ed35d0}</UniqueIdentifier>
    </Filter>
    <Filter Include="Windower\Modules">
      <UniqueIdentifier>{046cf216-cbd4-4f86-a043-72b21abb3007}</UniqueIdentifier>
    </Filter>
    <Filter Include="Windower\Modules\System">
      <UniqueIdentifier>{c53564f5-3869-4d75-af72-51fb042c5671}</UniqueIdentifier>
    </Filter>
    <Filter Include="Windower\Modules\Graphics">
      <UniqueIdentifier>{1262a8e1-f755-4168-9bb4-1341875a5901}</UniqueIdentifier>
    </Filter>
    <Filter Include="Windower\Modules\Chat">
      <UniqueIdentifier>{630b5882-6d86-41b2-9e18-c5927754c3f1}</UniqueIdentifier>
    </Filter>
    <Filter Include="Windower\Modules\Commands">
      <UniqueIdentifier>{adb733e0-d2b6-405b-8a40-cbf0586778ac}</UniqueIdentifier>
    </Filter>
    <Filter Include="Windower\Modules\Test">
      <UniqueIdentifier>{e91f83bc-7d20-4b25-9e65-e3100bed4572}</UniqueIdentifier>
    </Filter>
    <Filter Include="Utilities">
      <UniqueIdentifier>{8972e526-d987-4b5b-8152-e48bc060e539}</UniqueIdentifier>
    </Filter>
    <Filter Include="Windower\Modules\Chat\Services">
      <UniqueIdentifier>{b1b96434-c50e-4467-ab92-7797683b625e}</UniqueIdentifier>
    </Filter>
    <Filter Include="Windower\Modules\Graphics\Wrappers">
      <UniqueIdentifier>{28116168-7218-41f4-b071-200332f3c02c}</UniqueIdentifier>
    </Filter>
    <Filter Include="Windower\Modules\PlayerData">
      <UniqueIdentifier>{4544e8bc-6e50-4460-ac2b-db58717bbbba}</UniqueIdentifier>
    </Filter>
    <Filter Include="Windower\Modules\PlayerData\Services">
      <UniqueIdentifier>{5901f733-d38a-410a-84ba-9a80da84b39e}</UniqueIdentifier>
    </Filter>
    <Filter Include="Windower\Modules\Graphics\Services">
      <UniqueIdentifier>{c64ba57a-5659-4661-885f-39d2f06d34bb}</UniqueIdentifier>
    </Filter>
    <Filter Include="Windower\Services">
      <UniqueIdentifier>{2769741b-1c60-4dfe-b3fd-7cc812e9e97b}</UniqueIdentifier>
    </Filter>
    <Filter Include="Windower\Modules\Graphics\UI">
      <UniqueIdentifier>{bb2012f0-9053-4529-b916-e9a7f0166be2}</UniqueIdentifier>
    </Filter>
    <Filter Include="Windower\Modules\System\Events">
      <UniqueIdentifier>{884a1870-3e0b-4e2a-96c2-3072416304a0}</UniqueIdentifier>
    </Filter>
  </ItemGroup>
  <ItemGroup>
    <ClCompile Include="stdafx.cpp">
      <Filter>Precompiled headers</Filter>
    </ClCompile>
    <ClCompile Include="dllmain.cpp" />
    <ClCompile Include="WindowerEngine.cpp">
      <Filter>Windower</Filter>
    </ClCompile>
    <ClCompile Include="SystemCore.cpp">
      <Filter>Windower\Modules\System</Filter>
    </ClCompile>
    <ClCompile Include="GraphicsCore.cpp">
      <Filter>Windower\Modules\Graphics</Filter>
    </ClCompile>
    <ClCompile Include="GameChatCore.cpp">
      <Filter>Windower\Modules\Chat</Filter>
    </ClCompile>
    <ClCompile Include="CommandParser.cpp">
      <Filter>Windower\Modules\Commands</Filter>
    </ClCompile>
    <ClCompile Include="TestCore.cpp">
      <Filter>Windower\Modules\Test</Filter>
    </ClCompile>
    <ClCompile Include="CommandDispatcher.cpp">
      <Filter>Windower\Modules\Commands</Filter>
    </ClCompile>
    <ClCompile Include="Timer.cpp">
      <Filter>Utilities</Filter>
    </ClCompile>
    <ClCompile Include="FormatChatMsgService.cpp">
      <Filter>Windower\Modules\Chat\Services</Filter>
    </ClCompile>
    <ClCompile Include="Font.cpp">
      <Filter>Windower\Modules\Graphics\Wrappers</Filter>
    </ClCompile>
    <ClCompile Include="IDirect3D9Wrapper.cpp">
      <Filter>Windower\Modules\Graphics\Wrappers</Filter>
    </ClCompile>
    <ClCompile Include="IDirect3DDevice9Wrapper.cpp">
      <Filter>Windower\Modules\Graphics\Wrappers</Filter>
    </ClCompile>
    <ClCompile Include="CmdLineCore.cpp">
      <Filter>Windower\Modules\Commands</Filter>
    </ClCompile>
    <ClCompile Include="WindowerCore.cpp">
      <Filter>Windower\Modules</Filter>
    </ClCompile>
    <ClCompile Include="PlayerCore.cpp">
      <Filter>Windower\Modules\PlayerData</Filter>
    </ClCompile>
    <ClCompile Include="PlayerDataService.cpp">
      <Filter>Windower\Modules\PlayerData\Services</Filter>
    </ClCompile>
    <ClCompile Include="StringNode.cpp">
      <Filter>Windower\Modules\Chat</Filter>
    </ClCompile>
    <ClCompile Include="ModuleService.cpp">
      <Filter>Windower\Services</Filter>
    </ClCompile>
    <ClCompile Include="TextLabelRenderer.cpp">
      <Filter>Windower\Modules\Graphics\UI</Filter>
    </ClCompile>
    <ClCompile Include="UiTextLabel.cpp">
      <Filter>Windower\Modules\Graphics\UI</Filter>
    </ClCompile>
    <ClCompile Include="UiFPSCounter.cpp">
      <Filter>Windower\Modules\Graphics\UI</Filter>
    </ClCompile>
    <ClCompile Include="TextLabelService.cpp">
      <Filter>Windower\Modules\Graphics\Services</Filter>
    </ClCompile>
    <ClCompile Include="Direct3DDevice9WrapperImpl.cpp">
      <Filter>Windower\Modules\Graphics\Wrappers</Filter>
    </ClCompile>
    <ClCompile Include="Direct3D9WrapperImpl.cpp">
      <Filter>Windower\Modules\Graphics\Wrappers</Filter>
    </ClCompile>
    <ClCompile Include="EventHandler.cpp">
      <Filter>Windower\Modules\System\Events</Filter>
    </ClCompile>
    <ClCompile Include="Direct3DSwapChain9WrapperImpl.cpp">
      <Filter>Windower\Modules\Graphics\Wrappers</Filter>
    </ClCompile>
    <ClCompile Include="IDirect3DSwapChain9Wrapper.cpp">
      <Filter>Windower\Modules\Graphics\Wrappers</Filter>
    </ClCompile>
  </ItemGroup>
  <ItemGroup>
    <ClInclude Include="version.h">
      <Filter>Resources</Filter>
    </ClInclude>
    <ClInclude Include="stdafx.h">
      <Filter>Precompiled headers</Filter>
    </ClInclude>
    <ClInclude Include="WindowerEngine.h">
      <Filter>Windower</Filter>
    </ClInclude>
    <ClInclude Include="SystemCore.h">
      <Filter>Windower\Modules\System</Filter>
    </ClInclude>
    <ClInclude Include="GraphicsCore.h">
      <Filter>Windower\Modules\Graphics</Filter>
    </ClInclude>
    <ClInclude Include="GameChatCore.h">
      <Filter>Windower\Modules\Chat</Filter>
    </ClInclude>
    <ClInclude Include="CommandParser.h">
      <Filter>Windower\Modules\Commands</Filter>
    </ClInclude>
    <ClInclude Include="WindowerCore.h">
      <Filter>Windower\Modules</Filter>
    </ClInclude>
    <ClInclude Include="TestCore.h">
      <Filter>Windower\Modules\Test</Filter>
    </ClInclude>
    <ClInclude Include="CommandDispatcher.h">
      <Filter>Windower\Modules\Commands</Filter>
    </ClInclude>
    <ClInclude Include="Timer.h">
      <Filter>Utilities</Filter>
    </ClInclude>
    <ClInclude Include="FormatChatMsgService.h">
      <Filter>Windower\Modules\Chat\Services</Filter>
    </ClInclude>
    <ClInclude Include="Font.h">
      <Filter>Windower\Modules\Graphics\Wrappers</Filter>
    </ClInclude>
    <ClInclude Include="IDirect3D9Wrapper.h">
      <Filter>Windower\Modules\Graphics\Wrappers</Filter>
    </ClInclude>
    <ClInclude Include="IDirect3DDevice9Wrapper.h">
      <Filter>Windower\Modules\Graphics\Wrappers</Filter>
    </ClInclude>
    <ClInclude Include="CmdLineCore.h">
      <Filter>Windower\Modules\Commands</Filter>
    </ClInclude>
    <ClInclude Include="PlayerCore.h">
      <Filter>Windower\Modules\PlayerData</Filter>
    </ClInclude>
    <ClInclude Include="PlayerDataService.h">
      <Filter>Windower\Modules\PlayerData\Services</Filter>
    </ClInclude>
    <ClInclude Include="TextLabelService.h">
      <Filter>Windower\Modules\Graphics\Services</Filter>
    </ClInclude>
    <ClInclude Include="StringNode.h">
      <Filter>Windower\Modules\Chat</Filter>
    </ClInclude>
    <ClInclude Include="ModuleService.h">
      <Filter>Windower\Services</Filter>
    </ClInclude>
    <ClInclude Include="TextLabelRenderer.h">
      <Filter>Windower\Modules\Graphics\UI</Filter>
    </ClInclude>
    <ClInclude Include="UiTextLabel.h">
      <Filter>Windower\Modules\Graphics\UI</Filter>
    </ClInclude>
    <ClInclude Include="IRenderable.h">
      <Filter>Windower\Modules\Graphics\UI</Filter>
    </ClInclude>
    <ClInclude Include="UiFPSCounter.h">
      <Filter>Windower\Modules\Graphics\UI</Filter>
    </ClInclude>
    <ClInclude Include="Direct3DDevice9WrapperImpl.h">
      <Filter>Windower\Modules\Graphics\Wrappers</Filter>
    </ClInclude>
    <ClInclude Include="IDeviceCreateSubscriber.h">
      <Filter>Windower\Modules\Graphics\Wrappers</Filter>
    </ClInclude>
    <ClInclude Include="Direct3D9WrapperImpl.h">
      <Filter>Windower\Modules\Graphics\Wrappers</Filter>
    </ClInclude>
    <ClInclude Include="IEventInterface.h">
      <Filter>Windower\Modules\System\Events</Filter>
    </ClInclude>
    <ClInclude Include="EventHandler.h">
      <Filter>Windower\Modules\System\Events</Filter>
    </ClInclude>
    <ClInclude Include="IDirect3DSwapChain9Wrapper.h">
      <Filter>Windower\Modules\Graphics\Wrappers</Filter>
    </ClInclude>
    <ClInclude Include="Direct3DSwapChain9WrapperImpl.h">
      <Filter>Windower\Modules\Graphics\Wrappers</Filter>
    </ClInclude>
  </ItemGroup>
  <ItemGroup>
    <ResourceCompile Include="module.rc">
      <Filter>Resources</Filter>
    </ResourceCompile>
  </ItemGroup>
  <ItemGroup>
    <None Include="..\todo.txt" />
  </ItemGroup>
</Project>