<?xml version="1.0" encoding="utf-8"?>
<Project ToolsVersion="4.0" xmlns="http://schemas.microsoft.com/developer/msbuild/2003">
  <ItemGroup>
    <Filter Include="Resources">
      <UniqueIdentifier>{5ea2e4c9-04c4-42ec-abcf-242b71fb7e76}</UniqueIdentifier>
    </Filter>
    <Filter Include="Precompiled headers">
      <UniqueIdentifier>{096a3ae5-1620-4aac-a0b8-4b8156cf5687}</UniqueIdentifier>
    </Filter>
  </ItemGroup>
  <ItemGroup>
    <ClInclude Include="version.h">
      <Filter>Resources</Filter>
    </ClInclude>
    <ClInclude Include="stdafx.h">
      <Filter>Precompiled headers</Filter>
    </ClInclude>
    <ClInclude Include="resource.h">
      <Filter>Resources</Filter>
    </ClInclude>
    <ClInclude Include="WindowerConfigApp.h" />
    <ClInclude Include="WindowerConfigDlg.h" />
  </ItemGroup>
  <ItemGroup>
    <None Include="res\WindowerConfig.rc2">
      <Filter>Resources</Filter>
    </None>
    <None Include="..\Common\config.ico">
      <Filter>Resources</Filter>
    </None>
  </ItemGroup>
  <ItemGroup>
    <ClCompile Include="stdafx.cpp">
      <Filter>Precompiled headers</Filter>
    </ClCompile>
    <ClCompile Include="WindowerConfigDlg.cpp" />
    <ClCompile Include="WindowerConfigApp.cpp" />
  </ItemGroup>
  <ItemGroup>
    <ResourceCompile Include="WindowerConfig.rc">
      <Filter>Resources</Filter>
    </ResourceCompile>
    <ResourceCompile Include="module.rc">
      <Filter>Resources</Filter>
    </ResourceCompile>
  </ItemGroup>
</Project>