<?xml version="1.0" encoding="utf-8"?>
<Project ToolsVersion="4.0" xmlns="http://schemas.microsoft.com/developer/msbuild/2003">
  <ItemGroup>
    <ClInclude Include="IATPatcher.h">
      <Filter>IAT</Filter>
    </ClInclude>
    <ClInclude Include="stdafx.h">
      <Filter>Precompiled headers</Filter>
    </ClInclude>
    <ClInclude Include="ImportTablePatcher.h" />
  </ItemGroup>
  <ItemGroup>
    <Filter Include="IAT">
      <UniqueIdentifier>{b342e609-0880-499e-9093-d67c154510f3}</UniqueIdentifier>
    </Filter>
    <Filter Include="Precompiled headers">
      <UniqueIdentifier>{03068f7b-251c-4c16-a237-e56e12aab438}</UniqueIdentifier>
    </Filter>
  </ItemGroup>
  <ItemGroup>
    <ClCompile Include="IATPatcher.cpp">
      <Filter>IAT</Filter>
    </ClCompile>
    <ClCompile Include="stdafx.cpp">
      <Filter>Precompiled headers</Filter>
    </ClCompile>
  </ItemGroup>
</Project>